
Microsoft Visual Studio Solution File, Format Version 12.00
# Visual Studio Version 16
VisualStudioVersion = 16.0.34031.81
MinimumVisualStudioVersion = 10.0.40219.1
Project("{8BC9CEB8-8B4A-11D0-8D11-00A0C91BC942}") = "Project13.1", "Project13.1\Project13.1.vcxproj", "{26284954-58ED-4520-83A9-D7AEF49DC4C6}"
EndProject
Project("{8BC9CEB8-8B4A-11D0-8D11-00A0C91BC942}") = "UnitTest13.1", "UnitTest13.1\UnitTest13.1.vcxproj", "{F657EC20-E126-4498-849B-7C5E1BE5797A}"
EndProject
Global
	GlobalSection(SolutionConfigurationPlatforms) = preSolution
		Debug|x64 = Debug|x64
		Debug|x86 = Debug|x86
		Release|x64 = Release|x64
		Release|x86 = Release|x86
	EndGlobalSection
	GlobalSection(ProjectConfigurationPlatforms) = postSolution
		{26284954-58ED-4520-83A9-D7AEF49DC4C6}.Debug|x64.ActiveCfg = Debug|x64
		{26284954-58ED-4520-83A9-D7AEF49DC4C6}.Debug|x64.Build.0 = Debug|x64
		{26284954-58ED-4520-83A9-D7AEF49DC4C6}.Debug|x86.ActiveCfg = Debug|Win32
		{26284954-58ED-4520-83A9-D7AEF49DC4C6}.Debug|x86.Build.0 = Debug|Win32
		{26284954-58ED-4520-83A9-D7AEF49DC4C6}.Release|x64.ActiveCfg = Release|x64
		{26284954-58ED-4520-83A9-D7AEF49DC4C6}.Release|x64.Build.0 = Release|x64
		{26284954-58ED-4520-83A9-D7AEF49DC4C6}.Release|x86.ActiveCfg = Release|Win32
		{26284954-58ED-4520-83A9-D7AEF49DC4C6}.Release|x86.Build.0 = Release|Win32
		{F657EC20-E126-4498-849B-7C5E1BE5797A}.Debug|x64.ActiveCfg = Debug|x64
		{F657EC20-E126-4498-849B-7C5E1BE5797A}.Debug|x64.Build.0 = Debug|x64
		{F657EC20-E126-4498-849B-7C5E1BE5797A}.Debug|x86.ActiveCfg = Debug|Win32
		{F657EC20-E126-4498-849B-7C5E1BE5797A}.Debug|x86.Build.0 = Debug|Win32
		{F657EC20-E126-4498-849B-7C5E1BE5797A}.Release|x64.ActiveCfg = Release|x64
		{F657EC20-E126-4498-849B-7C5E1BE5797A}.Release|x64.Build.0 = Release|x64
		{F657EC20-E126-4498-849B-7C5E1BE5797A}.Release|x86.ActiveCfg = Release|Win32
		{F657EC20-E126-4498-849B-7C5E1BE5797A}.Release|x86.Build.0 = Release|Win32
	EndGlobalSection
	GlobalSection(SolutionProperties) = preSolution
		HideSolutionNode = FALSE
	EndGlobalSection
	GlobalSection(ExtensibilityGlobals) = postSolution
		SolutionGuid = {B40959EA-D066-464B-B64D-418BE342B474}
	EndGlobalSection
EndGlobal
